
Microsoft Visual Studio Solution File, Format Version 12.00
# Visual Studio 15
VisualStudioVersion = 15.0.27703.2035
MinimumVisualStudioVersion = 10.0.40219.1
Project("{FAE04EC0-301F-11D3-BF4B-00C04F79EFBC}") = "SEDC.MovieStore", "SEDC.MovieStore\SEDC.MovieStore.csproj", "{1A6DADF0-98F8-4AC5-AF44-69A8137004BF}"
EndProject
Project("{FAE04EC0-301F-11D3-BF4B-00C04F79EFBC}") = "MovieStore.Domain", "MovieStore.Domain\MovieStore.Domain.csproj", "{24E27FAA-B60F-4B32-B67F-47E22FC851EC}"
EndProject
Project("{FAE04EC0-301F-11D3-BF4B-00C04F79EFBC}") = "MovieStore.Services", "MovieStore.Services\MovieStore.Services.csproj", "{3D8E5D32-63CD-4D3C-A3D1-427E67848744}"
EndProject
Global
	GlobalSection(SolutionConfigurationPlatforms) = preSolution
		Debug|Any CPU = Debug|Any CPU
		Release|Any CPU = Release|Any CPU
	EndGlobalSection
	GlobalSection(ProjectConfigurationPlatforms) = postSolution
		{1A6DADF0-98F8-4AC5-AF44-69A8137004BF}.Debug|Any CPU.ActiveCfg = Debug|Any CPU
		{1A6DADF0-98F8-4AC5-AF44-69A8137004BF}.Debug|Any CPU.Build.0 = Debug|Any CPU
		{1A6DADF0-98F8-4AC5-AF44-69A8137004BF}.Release|Any CPU.ActiveCfg = Release|Any CPU
		{1A6DADF0-98F8-4AC5-AF44-69A8137004BF}.Release|Any CPU.Build.0 = Release|Any CPU
		{24E27FAA-B60F-4B32-B67F-47E22FC851EC}.Debug|Any CPU.ActiveCfg = Debug|Any CPU
		{24E27FAA-B60F-4B32-B67F-47E22FC851EC}.Debug|Any CPU.Build.0 = Debug|Any CPU
		{24E27FAA-B60F-4B32-B67F-47E22FC851EC}.Release|Any CPU.ActiveCfg = Release|Any CPU
		{24E27FAA-B60F-4B32-B67F-47E22FC851EC}.Release|Any CPU.Build.0 = Release|Any CPU
		{3D8E5D32-63CD-4D3C-A3D1-427E67848744}.Debug|Any CPU.ActiveCfg = Debug|Any CPU
		{3D8E5D32-63CD-4D3C-A3D1-427E67848744}.Debug|Any CPU.Build.0 = Debug|Any CPU
		{3D8E5D32-63CD-4D3C-A3D1-427E67848744}.Release|Any CPU.ActiveCfg = Release|Any CPU
		{3D8E5D32-63CD-4D3C-A3D1-427E67848744}.Release|Any CPU.Build.0 = Release|Any CPU
	EndGlobalSection
	GlobalSection(SolutionProperties) = preSolution
		HideSolutionNode = FALSE
	EndGlobalSection
	GlobalSection(ExtensibilityGlobals) = postSolution
		SolutionGuid = {BAC264C7-916D-4A07-8E3A-34D170EAD690}
	EndGlobalSection
EndGlobal
